
Microsoft Visual Studio Solution File, Format Version 12.00
# Visual Studio Version 16
VisualStudioVersion = 16.0.28803.202
MinimumVisualStudioVersion = 10.0.40219.1
Project("{9A19103F-16F7-4668-BE54-9A1E7A4F7556}") = "StoreApi", "StoreApi\StoreApi.csproj", "{5E390B53-E537-4E27-B625-634E32E518E5}"
EndProject
Project("{9A19103F-16F7-4668-BE54-9A1E7A4F7556}") = "Store", "Store\Store.csproj", "{EFE1E47E-9225-459E-AD28-0FE6E45FBC34}"
EndProject
Project("{9A19103F-16F7-4668-BE54-9A1E7A4F7556}") = "StoreAdmin", "StoreAdmin\StoreAdmin.csproj", "{ACB061C8-8E0D-4B60-9C18-666E589F9EE9}"
EndProject
Project("{9A19103F-16F7-4668-BE54-9A1E7A4F7556}") = "CodeGeneration", "CodeGeneration\CodeGeneration.csproj", "{3E809664-E77F-4360-89B9-8855634E4516}"
EndProject
Global
	GlobalSection(SolutionConfigurationPlatforms) = preSolution
		Debug|Any CPU = Debug|Any CPU
		Release|Any CPU = Release|Any CPU
	EndGlobalSection
	GlobalSection(ProjectConfigurationPlatforms) = postSolution
		{5E390B53-E537-4E27-B625-634E32E518E5}.Debug|Any CPU.ActiveCfg = Debug|Any CPU
		{5E390B53-E537-4E27-B625-634E32E518E5}.Debug|Any CPU.Build.0 = Debug|Any CPU
		{5E390B53-E537-4E27-B625-634E32E518E5}.Release|Any CPU.ActiveCfg = Release|Any CPU
		{5E390B53-E537-4E27-B625-634E32E518E5}.Release|Any CPU.Build.0 = Release|Any CPU
		{EFE1E47E-9225-459E-AD28-0FE6E45FBC34}.Debug|Any CPU.ActiveCfg = Debug|Any CPU
		{EFE1E47E-9225-459E-AD28-0FE6E45FBC34}.Debug|Any CPU.Build.0 = Debug|Any CPU
		{EFE1E47E-9225-459E-AD28-0FE6E45FBC34}.Release|Any CPU.ActiveCfg = Release|Any CPU
		{EFE1E47E-9225-459E-AD28-0FE6E45FBC34}.Release|Any CPU.Build.0 = Release|Any CPU
		{ACB061C8-8E0D-4B60-9C18-666E589F9EE9}.Debug|Any CPU.ActiveCfg = Debug|Any CPU
		{ACB061C8-8E0D-4B60-9C18-666E589F9EE9}.Debug|Any CPU.Build.0 = Debug|Any CPU
		{ACB061C8-8E0D-4B60-9C18-666E589F9EE9}.Release|Any CPU.ActiveCfg = Release|Any CPU
		{ACB061C8-8E0D-4B60-9C18-666E589F9EE9}.Release|Any CPU.Build.0 = Release|Any CPU
		{3E809664-E77F-4360-89B9-8855634E4516}.Debug|Any CPU.ActiveCfg = Debug|Any CPU
		{3E809664-E77F-4360-89B9-8855634E4516}.Debug|Any CPU.Build.0 = Debug|Any CPU
		{3E809664-E77F-4360-89B9-8855634E4516}.Release|Any CPU.ActiveCfg = Release|Any CPU
		{3E809664-E77F-4360-89B9-8855634E4516}.Release|Any CPU.Build.0 = Release|Any CPU
	EndGlobalSection
	GlobalSection(SolutionProperties) = preSolution
		HideSolutionNode = FALSE
	EndGlobalSection
	GlobalSection(ExtensibilityGlobals) = postSolution
		SolutionGuid = {593503EA-B7C9-40BA-B9BC-8DBD30BEDD0A}
	EndGlobalSection
EndGlobal
